
Microsoft Visual Studio Solution File, Format Version 12.00
# Visual Studio Version 17
VisualStudioVersion = 17.2.32602.215
MinimumVisualStudioVersion = 10.0.40219.1
Project("{FAE04EC0-301F-11D3-BF4B-00C04F79EFBC}") = "DAL", "DAL\DAL.csproj", "{A13D6005-0D3F-4A40-B569-F489C6AE88B5}"
EndProject
Project("{FAE04EC0-301F-11D3-BF4B-00C04F79EFBC}") = "BLL", "BLL\BLL.csproj", "{9769EE0A-F9AD-472E-8644-4F275EF83DE6}"
EndProject
Project("{FAE04EC0-301F-11D3-BF4B-00C04F79EFBC}") = "Crud_UI", "Crud_UI\Crud_UI.csproj", "{584993F8-A0AE-40D8-B420-9AC9EFDE6B64}"
EndProject
Project("{2150E333-8FDC-42A3-9474-1A3956D46DE8}") = "Solution Items", "Solution Items", "{9309471D-AD5C-4D8A-AE34-6CB096086181}"
	ProjectSection(SolutionItems) = preProject
		TextFile2.txt = TextFile2.txt
	EndProjectSection
EndProject
Project("{FAE04EC0-301F-11D3-BF4B-00C04F79EFBC}") = "WEB_UI", "WEB_UI\WEB_UI.csproj", "{69359EE4-EDA8-48A3-85B3-A841A7D200DF}"
EndProject
Global
	GlobalSection(SolutionConfigurationPlatforms) = preSolution
		Debug|Any CPU = Debug|Any CPU
		Release|Any CPU = Release|Any CPU
	EndGlobalSection
	GlobalSection(ProjectConfigurationPlatforms) = postSolution
		{A13D6005-0D3F-4A40-B569-F489C6AE88B5}.Debug|Any CPU.ActiveCfg = Debug|Any CPU
		{A13D6005-0D3F-4A40-B569-F489C6AE88B5}.Debug|Any CPU.Build.0 = Debug|Any CPU
		{A13D6005-0D3F-4A40-B569-F489C6AE88B5}.Release|Any CPU.ActiveCfg = Release|Any CPU
		{A13D6005-0D3F-4A40-B569-F489C6AE88B5}.Release|Any CPU.Build.0 = Release|Any CPU
		{9769EE0A-F9AD-472E-8644-4F275EF83DE6}.Debug|Any CPU.ActiveCfg = Debug|Any CPU
		{9769EE0A-F9AD-472E-8644-4F275EF83DE6}.Debug|Any CPU.Build.0 = Debug|Any CPU
		{9769EE0A-F9AD-472E-8644-4F275EF83DE6}.Release|Any CPU.ActiveCfg = Release|Any CPU
		{9769EE0A-F9AD-472E-8644-4F275EF83DE6}.Release|Any CPU.Build.0 = Release|Any CPU
		{584993F8-A0AE-40D8-B420-9AC9EFDE6B64}.Debug|Any CPU.ActiveCfg = Debug|Any CPU
		{584993F8-A0AE-40D8-B420-9AC9EFDE6B64}.Debug|Any CPU.Build.0 = Debug|Any CPU
		{584993F8-A0AE-40D8-B420-9AC9EFDE6B64}.Release|Any CPU.ActiveCfg = Release|Any CPU
		{584993F8-A0AE-40D8-B420-9AC9EFDE6B64}.Release|Any CPU.Build.0 = Release|Any CPU
		{69359EE4-EDA8-48A3-85B3-A841A7D200DF}.Debug|Any CPU.ActiveCfg = Debug|Any CPU
		{69359EE4-EDA8-48A3-85B3-A841A7D200DF}.Debug|Any CPU.Build.0 = Debug|Any CPU
		{69359EE4-EDA8-48A3-85B3-A841A7D200DF}.Release|Any CPU.ActiveCfg = Release|Any CPU
		{69359EE4-EDA8-48A3-85B3-A841A7D200DF}.Release|Any CPU.Build.0 = Release|Any CPU
	EndGlobalSection
	GlobalSection(SolutionProperties) = preSolution
		HideSolutionNode = FALSE
	EndGlobalSection
	GlobalSection(ExtensibilityGlobals) = postSolution
		SolutionGuid = {81168A25-2E3C-4C4C-AA60-0477D0E5797D}
	EndGlobalSection
EndGlobal
